
Microsoft Visual Studio Solution File, Format Version 12.00
# Visual Studio 14
VisualStudioVersion = 14.0.25420.1
MinimumVisualStudioVersion = 10.0.40219.1
Project("{FAE04EC0-301F-11D3-BF4B-00C04F79EFBC}") = "V3EventManagement", "V3EventManagement\V3EventManagement.csproj", "{574927C2-D15D-4DB9-A24A-66EAEC9A9C50}"
EndProject
Global
	GlobalSection(SolutionConfigurationPlatforms) = preSolution
		Debug|Any CPU = Debug|Any CPU
		Release|Any CPU = Release|Any CPU
	EndGlobalSection
	GlobalSection(ProjectConfigurationPlatforms) = postSolution
		{574927C2-D15D-4DB9-A24A-66EAEC9A9C50}.Debug|Any CPU.ActiveCfg = Debug|Any CPU
		{574927C2-D15D-4DB9-A24A-66EAEC9A9C50}.Debug|Any CPU.Build.0 = Debug|Any CPU
		{574927C2-D15D-4DB9-A24A-66EAEC9A9C50}.Release|Any CPU.ActiveCfg = Release|Any CPU
		{574927C2-D15D-4DB9-A24A-66EAEC9A9C50}.Release|Any CPU.Build.0 = Release|Any CPU
	EndGlobalSection
	GlobalSection(SolutionProperties) = preSolution
		HideSolutionNode = FALSE
	EndGlobalSection
	GlobalSection(TeamFoundationVersionControl) = preSolution
		SccNumberOfProjects = 2
		SccEnterpriseProvider = {4CA58AB2-18FA-4F8D-95D4-32DDF27D184C}
		SccTeamFoundationServer = http://10.10.10.20:8080/tfs/summitworks
		SccLocalPath0 = .
		SccProjectUniqueName1 = V3EventManagement\\V3EventManagement.csproj
		SccProjectName1 = V3EventManagement
		SccLocalPath1 = V3EventManagement
	EndGlobalSection
EndGlobal
